
Microsoft Visual Studio Solution File, Format Version 12.00
# Visual Studio Version 17
VisualStudioVersion = 17.5.33516.290
MinimumVisualStudioVersion = 10.0.40219.1
Project("{FAE04EC0-301F-11D3-BF4B-00C04F79EFBC}") = "winCleaningServicesScreen", "winCleaningServicesScreen\winCleaningServicesScreen.csproj", "{83E67006-9899-4D07-B399-8D1CC0C215A1}"
EndProject
Global
	GlobalSection(SolutionConfigurationPlatforms) = preSolution
		Debug|Any CPU = Debug|Any CPU
		Release|Any CPU = Release|Any CPU
	EndGlobalSection
	GlobalSection(ProjectConfigurationPlatforms) = postSolution
		{83E67006-9899-4D07-B399-8D1CC0C215A1}.Debug|Any CPU.ActiveCfg = Debug|Any CPU
		{83E67006-9899-4D07-B399-8D1CC0C215A1}.Debug|Any CPU.Build.0 = Debug|Any CPU
		{83E67006-9899-4D07-B399-8D1CC0C215A1}.Release|Any CPU.ActiveCfg = Release|Any CPU
		{83E67006-9899-4D07-B399-8D1CC0C215A1}.Release|Any CPU.Build.0 = Release|Any CPU
	EndGlobalSection
	GlobalSection(SolutionProperties) = preSolution
		HideSolutionNode = FALSE
	EndGlobalSection
	GlobalSection(ExtensibilityGlobals) = postSolution
		SolutionGuid = {37ECEAFC-A6A0-4BFD-9C30-2D6FB433131D}
	EndGlobalSection
EndGlobal
